
Microsoft Visual Studio Solution File, Format Version 12.00
# Visual Studio Version 17
VisualStudioVersion = 17.10.34916.146
MinimumVisualStudioVersion = 10.0.40219.1
Project("{FAE04EC0-301F-11D3-BF4B-00C04F79EFBC}") = "SmtpServerServiceLibrary", "SmtpServerServiceLibrary\SmtpServerServiceLibrary.csproj", "{B75BACBA-A03A-4A56-BF81-8CA52BD57EAD}"
EndProject
Project("{FAE04EC0-301F-11D3-BF4B-00C04F79EFBC}") = "SmtpServerService", "SmtpServerService\SmtpServerService.csproj", "{8D114E16-8701-4F1D-A867-CA3981E29A92}"
EndProject
Global
	GlobalSection(SolutionConfigurationPlatforms) = preSolution
		Debug|Any CPU = Debug|Any CPU
		Release|Any CPU = Release|Any CPU
	EndGlobalSection
	GlobalSection(ProjectConfigurationPlatforms) = postSolution
		{B75BACBA-A03A-4A56-BF81-8CA52BD57EAD}.Debug|Any CPU.ActiveCfg = Debug|Any CPU
		{B75BACBA-A03A-4A56-BF81-8CA52BD57EAD}.Debug|Any CPU.Build.0 = Debug|Any CPU
		{B75BACBA-A03A-4A56-BF81-8CA52BD57EAD}.Release|Any CPU.ActiveCfg = Release|Any CPU
		{B75BACBA-A03A-4A56-BF81-8CA52BD57EAD}.Release|Any CPU.Build.0 = Release|Any CPU
		{8D114E16-8701-4F1D-A867-CA3981E29A92}.Debug|Any CPU.ActiveCfg = Debug|Any CPU
		{8D114E16-8701-4F1D-A867-CA3981E29A92}.Debug|Any CPU.Build.0 = Debug|Any CPU
		{8D114E16-8701-4F1D-A867-CA3981E29A92}.Release|Any CPU.ActiveCfg = Release|Any CPU
		{8D114E16-8701-4F1D-A867-CA3981E29A92}.Release|Any CPU.Build.0 = Release|Any CPU
	EndGlobalSection
	GlobalSection(SolutionProperties) = preSolution
		HideSolutionNode = FALSE
	EndGlobalSection
	GlobalSection(ExtensibilityGlobals) = postSolution
		SolutionGuid = {2A794800-2476-4832-8CF4-1DB3E0E5DC4A}
	EndGlobalSection
EndGlobal
